// !$*UTF8*$!
{
	archiveVersion = 1;
	classes = {
	};
	objectVersion = 70;
	objects = {

/* Begin PBXBuildFile section */
		9034BA062AAD238200E9DAE0 /* NMRCalcUnit.swift in Sources */ = {isa = PBXBuildFile; fileRef = 9039F9F927E925CF0021692A /* NMRCalcUnit.swift */; };
		9034BA072AAD252100E9DAE0 /* NMRCalcCommand.swift in Sources */ = {isa = PBXBuildFile; fileRef = 90A1DB00293EA9B400B8D105 /* NMRCalcCommand.swift */; };
		9034BA082AAD252900E9DAE0 /* UpdateMagneticField.swift in Sources */ = {isa = PBXBuildFile; fileRef = 90A1DB06293EAD1300B8D105 /* UpdateMagneticField.swift */; };
		9034BA092AAD253500E9DAE0 /* LarmorFrequencyMagneticFieldConverter.swift in Sources */ = {isa = PBXBuildFile; fileRef = 904693A6287CCDFB005B8FFA /* LarmorFrequencyMagneticFieldConverter.swift */; };
		9034BA0A2AAD253A00E9DAE0 /* UpdateLarmorFrequency.swift in Sources */ = {isa = PBXBuildFile; fileRef = 90A1DB02293EAA1F00B8D105 /* UpdateLarmorFrequency.swift */; };
		9034BA0B2AAD253D00E9DAE0 /* UpdateProtonFrequency.swift in Sources */ = {isa = PBXBuildFile; fileRef = 90A1DB04293EACAE00B8D105 /* UpdateProtonFrequency.swift */; };
		9034BA0C2AAD254000E9DAE0 /* UpdateElectronFrequency.swift in Sources */ = {isa = PBXBuildFile; fileRef = 90A1DB12293EB5BC00B8D105 /* UpdateElectronFrequency.swift */; };
		9034BA0D2AAD255300E9DAE0 /* NMRCalcConstants.swift in Sources */ = {isa = PBXBuildFile; fileRef = 90A0A21325CB6C7C001DA889 /* NMRCalcConstants.swift */; };
		9034BA0E2AAD261700E9DAE0 /* NMRCalcCommandName.swift in Sources */ = {isa = PBXBuildFile; fileRef = 90847FB5294518E80079CCB0 /* NMRCalcCommandName.swift */; };
		9067B32D2AACED2900A8FA29 /* NMRCalculator2App.swift in Sources */ = {isa = PBXBuildFile; fileRef = 9067B32C2AACED2900A8FA29 /* NMRCalculator2App.swift */; };
		9067B32F2AACED2900A8FA29 /* ContentView.swift in Sources */ = {isa = PBXBuildFile; fileRef = 9067B32E2AACED2900A8FA29 /* ContentView.swift */; };
		9067B3312AACED2A00A8FA29 /* Assets.xcassets in Resources */ = {isa = PBXBuildFile; fileRef = 9067B3302AACED2A00A8FA29 /* Assets.xcassets */; };
		9067B3352AACED2A00A8FA29 /* Preview Assets.xcassets in Resources */ = {isa = PBXBuildFile; fileRef = 9067B3342AACED2A00A8FA29 /* Preview Assets.xcassets */; };
		9067B33F2AACED2A00A8FA29 /* NMRCalculator2Tests.swift in Sources */ = {isa = PBXBuildFile; fileRef = 9067B33E2AACED2A00A8FA29 /* NMRCalculator2Tests.swift */; };
		9067B3492AACED2A00A8FA29 /* NMRCalculator2UITests.swift in Sources */ = {isa = PBXBuildFile; fileRef = 9067B3482AACED2A00A8FA29 /* NMRCalculator2UITests.swift */; };
		9067B34B2AACED2A00A8FA29 /* NMRCalculator2UITestsLaunchTests.swift in Sources */ = {isa = PBXBuildFile; fileRef = 9067B34A2AACED2A00A8FA29 /* NMRCalculator2UITestsLaunchTests.swift */; };
		9067B3552AACEEFB00A8FA29 /* NMRNucleus.swift in Sources */ = {isa = PBXBuildFile; fileRef = 0BFEB1271D0CA8FE00F37F1B /* NMRNucleus.swift */; };
		9067B3562AACEF0B00A8FA29 /* NMRPeriodicTable.swift in Sources */ = {isa = PBXBuildFile; fileRef = 90732BBE2129E9E70027DFBD /* NMRPeriodicTable.swift */; };
		9067B35A2AACEF9900A8FA29 /* NuclearListView.swift in Sources */ = {isa = PBXBuildFile; fileRef = 9067B3592AACEF9900A8FA29 /* NuclearListView.swift */; };
		9067B35C2AACF00A00A8FA29 /* NMRCalculator2.swift in Sources */ = {isa = PBXBuildFile; fileRef = 9067B35B2AACF00A00A8FA29 /* NMRCalculator2.swift */; };
		9067B35F2AACF29E00A8FA29 /* NucleusInfoView.swift in Sources */ = {isa = PBXBuildFile; fileRef = 9067B35E2AACF29E00A8FA29 /* NucleusInfoView.swift */; };
		9067B3612AACF2B100A8FA29 /* NucleusDetailView.swift in Sources */ = {isa = PBXBuildFile; fileRef = 9067B3602AACF2B100A8FA29 /* NucleusDetailView.swift */; };
		907688042AB744B900E72F99 /* WatchNMRCalculator2.swift in Sources */ = {isa = PBXBuildFile; fileRef = 907688032AB744B900E72F99 /* WatchNMRCalculator2.swift */; };
		907688062AB7450300E72F99 /* Focus.swift in Sources */ = {isa = PBXBuildFile; fileRef = 907688052AB7450300E72F99 /* Focus.swift */; };
		907688072AB7453C00E72F99 /* NMRCalcUnit.swift in Sources */ = {isa = PBXBuildFile; fileRef = 9039F9F927E925CF0021692A /* NMRCalcUnit.swift */; };
		907688092AB7459700E72F99 /* WatchNucleusInfoView.swift in Sources */ = {isa = PBXBuildFile; fileRef = 907688082AB7459700E72F99 /* WatchNucleusInfoView.swift */; };
		9076880D2AB74F6300E72F99 /* WatchNMRCalculatorConstant.swift in Sources */ = {isa = PBXBuildFile; fileRef = 9076880C2AB74F6300E72F99 /* WatchNMRCalculatorConstant.swift */; };
		9076880F2AB75BBA00E72F99 /* CalculationType.swift in Sources */ = {isa = PBXBuildFile; fileRef = 9076880E2AB75BBA00E72F99 /* CalculationType.swift */; };
		9079EC5E2AB253D4005A802E /* WatchNMRCalculator2App.swift in Sources */ = {isa = PBXBuildFile; fileRef = 9079EC5D2AB253D4005A802E /* WatchNMRCalculator2App.swift */; };
		9079EC602AB253D4005A802E /* ContentView.swift in Sources */ = {isa = PBXBuildFile; fileRef = 9079EC5F2AB253D4005A802E /* ContentView.swift */; };
		9079EC622AB253D5005A802E /* Assets.xcassets in Resources */ = {isa = PBXBuildFile; fileRef = 9079EC612AB253D5005A802E /* Assets.xcassets */; };
		9079EC652AB253D5005A802E /* Preview Assets.xcassets in Resources */ = {isa = PBXBuildFile; fileRef = 9079EC642AB253D5005A802E /* Preview Assets.xcassets */; };
		9079EC682AB253D5005A802E /* WatchNMRCalculator2 Watch App.app in Embed Watch Content */ = {isa = PBXBuildFile; fileRef = 9079EC5B2AB253D4005A802E /* WatchNMRCalculator2 Watch App.app */; settings = {ATTRIBUTES = (RemoveHeadersOnCopy, ); }; };
		9079EC6E2AB256BD005A802E /* WatchNucleusView.swift in Sources */ = {isa = PBXBuildFile; fileRef = 9079EC6D2AB256BD005A802E /* WatchNucleusView.swift */; };
		9079EC712AB25707005A802E /* Fraction.swift in Sources */ = {isa = PBXBuildFile; fileRef = 90B2A67D23CFFC5E00599931 /* Fraction.swift */; };
		9079EC722AB25716005A802E /* AtomicElementView.swift in Sources */ = {isa = PBXBuildFile; fileRef = 90F318F623D3D44E00B85FBC /* AtomicElementView.swift */; };
		9079EC732AB2573E005A802E /* NMRNucleus.swift in Sources */ = {isa = PBXBuildFile; fileRef = 0BFEB1271D0CA8FE00F37F1B /* NMRNucleus.swift */; };
		9079EC742AB25769005A802E /* NMRCalcConstants.swift in Sources */ = {isa = PBXBuildFile; fileRef = 90A0A21325CB6C7C001DA889 /* NMRCalcConstants.swift */; };
		9079EC762AB25771005A802E /* NMRPeriodicTable.swift in Sources */ = {isa = PBXBuildFile; fileRef = 90732BBE2129E9E70027DFBD /* NMRPeriodicTable.swift */; };
		9079EC792AB25819005A802E /* WatchNucleusDetailView.swift in Sources */ = {isa = PBXBuildFile; fileRef = 9079EC782AB25819005A802E /* WatchNucleusDetailView.swift */; };
		9079EC7A2AB25845005A802E /* NuclearSpinView.swift in Sources */ = {isa = PBXBuildFile; fileRef = 90B2A67B23CFF59C00599931 /* NuclearSpinView.swift */; };
		9079EC7B2AB25854005A802E /* LarmorFrequencyView.swift in Sources */ = {isa = PBXBuildFile; fileRef = 90F1F86723DDE588004A144A /* LarmorFrequencyView.swift */; };
		9079EC7C2AB25857005A802E /* ProtonFrequencyView.swift in Sources */ = {isa = PBXBuildFile; fileRef = 90F1F86423DDE420004A144A /* ProtonFrequencyView.swift */; };
		9079EC7D2AB25A9C005A802E /* NMRFreqTable.txt in Resources */ = {isa = PBXBuildFile; fileRef = 0B6ACF261D08ED4200D7D342 /* NMRFreqTable.txt */; };
		907A0D582AACF54F00EA68BB /* NMRFreqTable.txt in Resources */ = {isa = PBXBuildFile; fileRef = 0B6ACF261D08ED4200D7D342 /* NMRFreqTable.txt */; };
		907A0D592AACF5A900EA68BB /* AtomicElementView.swift in Sources */ = {isa = PBXBuildFile; fileRef = 90F318F623D3D44E00B85FBC /* AtomicElementView.swift */; };
		907A0D5A2AACF5D900EA68BB /* Fraction.swift in Sources */ = {isa = PBXBuildFile; fileRef = 90B2A67D23CFFC5E00599931 /* Fraction.swift */; };
		908F1F802AAFD2A400B4AA1F /* CalculatorErrorMessage.swift in Sources */ = {isa = PBXBuildFile; fileRef = 908F1F7F2AAFD2A400B4AA1F /* CalculatorErrorMessage.swift */; };
		90AD8D0B2FA16A62003E0DED /* NMRNucleus.swift in Sources */ = {isa = PBXBuildFile; fileRef = 0BFEB1271D0CA8FE00F37F1B /* NMRNucleus.swift */; };
		90AD8D0E2FA16E2D003E0DED /* MCP in Frameworks */ = {isa = PBXBuildFile; productRef = 90AD8D0D2FA16E2D003E0DED /* MCP */; };
		90F69E772AADFDB7001FB5F0 /* ErnstAngleCalculator.swift in Sources */ = {isa = PBXBuildFile; fileRef = 9047C0C32888AC6B003170BC /* ErnstAngleCalculator.swift */; };
		90F69E782AADFDBB001FB5F0 /* UpdateRelaxationTime.swift in Sources */ = {isa = PBXBuildFile; fileRef = 90847FB1294512960079CCB0 /* UpdateRelaxationTime.swift */; };
		90F69E792AADFDBD001FB5F0 /* UpdateRepetitionTime.swift in Sources */ = {isa = PBXBuildFile; fileRef = 90847FAD29450E460079CCB0 /* UpdateRepetitionTime.swift */; };
		90F69E7A2AADFDC0001FB5F0 /* UpdateErnstAngle.swift in Sources */ = {isa = PBXBuildFile; fileRef = 90847FA9294508BC0079CCB0 /* UpdateErnstAngle.swift */; };
		90F69E7D2AAE0AA5001FB5F0 /* UpdateAcquisitionTime.swift in Sources */ = {isa = PBXBuildFile; fileRef = 90833A8F2943F5CF00FC14DA /* UpdateAcquisitionTime.swift */; };
		90F69E7E2AAE0AA8001FB5F0 /* UpdateDwellTime.swift in Sources */ = {isa = PBXBuildFile; fileRef = 90833A932943F60400FC14DA /* UpdateDwellTime.swift */; };
		90F69E7F2AAE0AAB001FB5F0 /* UpdateDwellTimeInμs.swift in Sources */ = {isa = PBXBuildFile; fileRef = 90833A972943F6F700FC14DA /* UpdateDwellTimeInμs.swift */; };
		90F69E802AAE0AAD001FB5F0 /* UpdateAcqusitionSize.swift in Sources */ = {isa = PBXBuildFile; fileRef = 90833A9B2943F74F00FC14DA /* UpdateAcqusitionSize.swift */; };
		90F69E812AAE0AB0001FB5F0 /* UpdateSpectrumSize.swift in Sources */ = {isa = PBXBuildFile; fileRef = 90847F892944D5FF0079CCB0 /* UpdateSpectrumSize.swift */; };
		90F69E822AAE0AB3001FB5F0 /* UpdateFrequencyResolution.swift in Sources */ = {isa = PBXBuildFile; fileRef = 90847F8D2944D6D20079CCB0 /* UpdateFrequencyResolution.swift */; };
		90F69E832AAE0AB6001FB5F0 /* UpdateSpectralWidthInkHz.swift in Sources */ = {isa = PBXBuildFile; fileRef = 90847F912944D7240079CCB0 /* UpdateSpectralWidthInkHz.swift */; };
		90F69E842AAE0AB9001FB5F0 /* UpdateSpectralWidth.swift in Sources */ = {isa = PBXBuildFile; fileRef = 90847F952944D7BF0079CCB0 /* UpdateSpectralWidth.swift */; };
		90F69E852AAE0AC0001FB5F0 /* SpectralWidthFrequencyResolutionConverter.swift in Sources */ = {isa = PBXBuildFile; fileRef = 904693A8287CD09A005B8FFA /* SpectralWidthFrequencyResolutionConverter.swift */; };
		90F69E862AAE0AC6001FB5F0 /* DwellAcquisitionTimeConverter.swift in Sources */ = {isa = PBXBuildFile; fileRef = 900AFCC0287F793400F30039 /* DwellAcquisitionTimeConverter.swift */; };
		90F69E8D2AAE0FA9001FB5F0 /* UpdatePulseDuration.swift in Sources */ = {isa = PBXBuildFile; fileRef = 90847F992944DCEF0079CCB0 /* UpdatePulseDuration.swift */; };
		90F69E8E2AAE0FAB001FB5F0 /* UpdatePulseFlipAngle.swift in Sources */ = {isa = PBXBuildFile; fileRef = 90847F9D2944DE3B0079CCB0 /* UpdatePulseFlipAngle.swift */; };
		90F69E8F2AAE0FAE001FB5F0 /* UpdatePulseAmplitude.swift in Sources */ = {isa = PBXBuildFile; fileRef = 90847FA12944DE6E0079CCB0 /* UpdatePulseAmplitude.swift */; };
		90F69E902AAE0FC5001FB5F0 /* Pulse.swift in Sources */ = {isa = PBXBuildFile; fileRef = 900AFCC2287F7A4A00F30039 /* Pulse.swift */; };
		90F69E912AAE0FC9001FB5F0 /* DecibelCalculator.swift in Sources */ = {isa = PBXBuildFile; fileRef = 9047C0C12888A9CA003170BC /* DecibelCalculator.swift */; };
		90F69E972AAE3C8B001FB5F0 /* NMRCalculatorSectionView.swift in Sources */ = {isa = PBXBuildFile; fileRef = 90F69E962AAE3C8B001FB5F0 /* NMRCalculatorSectionView.swift */; };
		90F69E992AAE3FE1001FB5F0 /* CalculatorItem.swift in Sources */ = {isa = PBXBuildFile; fileRef = 90F69E982AAE3FE1001FB5F0 /* CalculatorItem.swift */; };
		90F69E9B2AAE413F001FB5F0 /* CalculatorItems.swift in Sources */ = {isa = PBXBuildFile; fileRef = 90F69E9A2AAE413F001FB5F0 /* CalculatorItems.swift */; };
		90F69E9D2AAE4464001FB5F0 /* NMRCalculatorItemView.swift in Sources */ = {isa = PBXBuildFile; fileRef = 90F69E9C2AAE4464001FB5F0 /* NMRCalculatorItemView.swift */; };
		90F69E9F2AAE5AAE001FB5F0 /* UpdatePulseAmplitudeInT.swift in Sources */ = {isa = PBXBuildFile; fileRef = 90F69E9E2AAE5AAE001FB5F0 /* UpdatePulseAmplitudeInT.swift */; };
		90F69EA12AAE66A9001FB5F0 /* UpdateRelativePower.swift in Sources */ = {isa = PBXBuildFile; fileRef = 90F69EA02AAE66A9001FB5F0 /* UpdateRelativePower.swift */; };
/* End PBXBuildFile section */

/* Begin PBXContainerItemProxy section */
		9067B33B2AACED2A00A8FA29 /* PBXContainerItemProxy */ = {
			isa = PBXContainerItemProxy;
			containerPortal = 0B6ACEF71D08E87F00D7D342 /* Project object */;
			proxyType = 1;
			remoteGlobalIDString = 9067B3292AACED2900A8FA29;
			remoteInfo = NMRCalculator2;
		};
		9067B3452AACED2A00A8FA29 /* PBXContainerItemProxy */ = {
			isa = PBXContainerItemProxy;
			containerPortal = 0B6ACEF71D08E87F00D7D342 /* Project object */;
			proxyType = 1;
			remoteGlobalIDString = 9067B3292AACED2900A8FA29;
			remoteInfo = NMRCalculator2;
		};
		9079EC662AB253D5005A802E /* PBXContainerItemProxy */ = {
			isa = PBXContainerItemProxy;
			containerPortal = 0B6ACEF71D08E87F00D7D342 /* Project object */;
			proxyType = 1;
			remoteGlobalIDString = 9079EC5A2AB253D4005A802E;
			remoteInfo = "WatchNMRCalculator2 Watch App";
		};
/* End PBXContainerItemProxy section */

/* Begin PBXCopyFilesBuildPhase section */
		9079EC692AB253D5005A802E /* Embed Watch Content */ = {
			isa = PBXCopyFilesBuildPhase;
			buildActionMask = 2147483647;
			dstPath = "$(CONTENTS_FOLDER_PATH)/Watch";
			dstSubfolderSpec = 16;
			files = (
				9079EC682AB253D5005A802E /* WatchNMRCalculator2 Watch App.app in Embed Watch Content */,
			);
			name = "Embed Watch Content";
			runOnlyForDeploymentPostprocessing = 0;
		};
		90AD8D002FA169B7003E0DED /* CopyFiles */ = {
			isa = PBXCopyFilesBuildPhase;
			buildActionMask = 12;
			dstPath = "";
			dstSubfolderSpec = 16;
			files = (
			);
			runOnlyForDeploymentPostprocessing = 0;
		};
/* End PBXCopyFilesBuildPhase section */

/* Begin PBXFileReference section */
		0B6ACF261D08ED4200D7D342 /* NMRFreqTable.txt */ = {isa = PBXFileReference; fileEncoding = 4; lastKnownFileType = text; path = NMRFreqTable.txt; sourceTree = "<group>"; };
		0BFEB1271D0CA8FE00F37F1B /* NMRNucleus.swift */ = {isa = PBXFileReference; fileEncoding = 4; lastKnownFileType = sourcecode.swift; path = NMRNucleus.swift; sourceTree = "<group>"; };
		900AFCC0287F793400F30039 /* DwellAcquisitionTimeConverter.swift */ = {isa = PBXFileReference; lastKnownFileType = sourcecode.swift; path = DwellAcquisitionTimeConverter.swift; sourceTree = "<group>"; };
		900AFCC2287F7A4A00F30039 /* Pulse.swift */ = {isa = PBXFileReference; lastKnownFileType = sourcecode.swift; path = Pulse.swift; sourceTree = "<group>"; };
		9039F9F927E925CF0021692A /* NMRCalcUnit.swift */ = {isa = PBXFileReference; lastKnownFileType = sourcecode.swift; path = NMRCalcUnit.swift; sourceTree = "<group>"; };
		904693A4287CCBE6005B8FFA /* ParameterConverting.swift */ = {isa = PBXFileReference; lastKnownFileType = sourcecode.swift; path = ParameterConverting.swift; sourceTree = "<group>"; };
		904693A6287CCDFB005B8FFA /* LarmorFrequencyMagneticFieldConverter.swift */ = {isa = PBXFileReference; lastKnownFileType = sourcecode.swift; path = LarmorFrequencyMagneticFieldConverter.swift; sourceTree = "<group>"; };
		904693A8287CD09A005B8FFA /* SpectralWidthFrequencyResolutionConverter.swift */ = {isa = PBXFileReference; lastKnownFileType = sourcecode.swift; path = SpectralWidthFrequencyResolutionConverter.swift; sourceTree = "<group>"; };
		9047C0C12888A9CA003170BC /* DecibelCalculator.swift */ = {isa = PBXFileReference; lastKnownFileType = sourcecode.swift; path = DecibelCalculator.swift; sourceTree = "<group>"; };
		9047C0C32888AC6B003170BC /* ErnstAngleCalculator.swift */ = {isa = PBXFileReference; lastKnownFileType = sourcecode.swift; path = ErnstAngleCalculator.swift; sourceTree = "<group>"; };
		9067B32A2AACED2900A8FA29 /* NMRCalculator2.app */ = {isa = PBXFileReference; explicitFileType = wrapper.application; includeInIndex = 0; path = NMRCalculator2.app; sourceTree = BUILT_PRODUCTS_DIR; };
		9067B32C2AACED2900A8FA29 /* NMRCalculator2App.swift */ = {isa = PBXFileReference; lastKnownFileType = sourcecode.swift; path = NMRCalculator2App.swift; sourceTree = "<group>"; };
		9067B32E2AACED2900A8FA29 /* ContentView.swift */ = {isa = PBXFileReference; lastKnownFileType = sourcecode.swift; path = ContentView.swift; sourceTree = "<group>"; };
		9067B3302AACED2A00A8FA29 /* Assets.xcassets */ = {isa = PBXFileReference; lastKnownFileType = folder.assetcatalog; path = Assets.xcassets; sourceTree = "<group>"; };
		9067B3322AACED2A00A8FA29 /* NMRCalculator2.entitlements */ = {isa = PBXFileReference; lastKnownFileType = text.plist.entitlements; path = NMRCalculator2.entitlements; sourceTree = "<group>"; };
		9067B3342AACED2A00A8FA29 /* Preview Assets.xcassets */ = {isa = PBXFileReference; lastKnownFileType = folder.assetcatalog; path = "Preview Assets.xcassets"; sourceTree = "<group>"; };
		9067B33A2AACED2A00A8FA29 /* NMRCalculator2Tests.xctest */ = {isa = PBXFileReference; explicitFileType = wrapper.cfbundle; includeInIndex = 0; path = NMRCalculator2Tests.xctest; sourceTree = BUILT_PRODUCTS_DIR; };
		9067B33E2AACED2A00A8FA29 /* NMRCalculator2Tests.swift */ = {isa = PBXFileReference; lastKnownFileType = sourcecode.swift; path = NMRCalculator2Tests.swift; sourceTree = "<group>"; };
		9067B3442AACED2A00A8FA29 /* NMRCalculator2UITests.xctest */ = {isa = PBXFileReference; explicitFileType = wrapper.cfbundle; includeInIndex = 0; path = NMRCalculator2UITests.xctest; sourceTree = BUILT_PRODUCTS_DIR; };
		9067B3482AACED2A00A8FA29 /* NMRCalculator2UITests.swift */ = {isa = PBXFileReference; lastKnownFileType = sourcecode.swift; path = NMRCalculator2UITests.swift; sourceTree = "<group>"; };
		9067B34A2AACED2A00A8FA29 /* NMRCalculator2UITestsLaunchTests.swift */ = {isa = PBXFileReference; lastKnownFileType = sourcecode.swift; path = NMRCalculator2UITestsLaunchTests.swift; sourceTree = "<group>"; };
		9067B3592AACEF9900A8FA29 /* NuclearListView.swift */ = {isa = PBXFileReference; lastKnownFileType = sourcecode.swift; path = NuclearListView.swift; sourceTree = "<group>"; };
		9067B35B2AACF00A00A8FA29 /* NMRCalculator2.swift */ = {isa = PBXFileReference; lastKnownFileType = sourcecode.swift; path = NMRCalculator2.swift; sourceTree = "<group>"; };
		9067B35E2AACF29E00A8FA29 /* NucleusInfoView.swift */ = {isa = PBXFileReference; lastKnownFileType = sourcecode.swift; path = NucleusInfoView.swift; sourceTree = "<group>"; };
		9067B3602AACF2B100A8FA29 /* NucleusDetailView.swift */ = {isa = PBXFileReference; lastKnownFileType = sourcecode.swift; path = NucleusDetailView.swift; sourceTree = "<group>"; };
		90732BBE2129E9E70027DFBD /* NMRPeriodicTable.swift */ = {isa = PBXFileReference; lastKnownFileType = sourcecode.swift; path = NMRPeriodicTable.swift; sourceTree = "<group>"; };
		907688032AB744B900E72F99 /* WatchNMRCalculator2.swift */ = {isa = PBXFileReference; lastKnownFileType = sourcecode.swift; path = WatchNMRCalculator2.swift; sourceTree = "<group>"; };
		907688052AB7450300E72F99 /* Focus.swift */ = {isa = PBXFileReference; lastKnownFileType = sourcecode.swift; path = Focus.swift; sourceTree = "<group>"; };
		907688082AB7459700E72F99 /* WatchNucleusInfoView.swift */ = {isa = PBXFileReference; lastKnownFileType = sourcecode.swift; path = WatchNucleusInfoView.swift; sourceTree = "<group>"; };
		9076880C2AB74F6300E72F99 /* WatchNMRCalculatorConstant.swift */ = {isa = PBXFileReference; lastKnownFileType = sourcecode.swift; path = WatchNMRCalculatorConstant.swift; sourceTree = "<group>"; };
		9076880E2AB75BBA00E72F99 /* CalculationType.swift */ = {isa = PBXFileReference; lastKnownFileType = sourcecode.swift; path = CalculationType.swift; sourceTree = "<group>"; };
		9079EC5B2AB253D4005A802E /* WatchNMRCalculator2 Watch App.app */ = {isa = PBXFileReference; explicitFileType = wrapper.application; includeInIndex = 0; path = "WatchNMRCalculator2 Watch App.app"; sourceTree = BUILT_PRODUCTS_DIR; };
		9079EC5D2AB253D4005A802E /* WatchNMRCalculator2App.swift */ = {isa = PBXFileReference; lastKnownFileType = sourcecode.swift; path = WatchNMRCalculator2App.swift; sourceTree = "<group>"; };
		9079EC5F2AB253D4005A802E /* ContentView.swift */ = {isa = PBXFileReference; lastKnownFileType = sourcecode.swift; path = ContentView.swift; sourceTree = "<group>"; };
		9079EC612AB253D5005A802E /* Assets.xcassets */ = {isa = PBXFileReference; lastKnownFileType = folder.assetcatalog; path = Assets.xcassets; sourceTree = "<group>"; };
		9079EC642AB253D5005A802E /* Preview Assets.xcassets */ = {isa = PBXFileReference; lastKnownFileType = folder.assetcatalog; path = "Preview Assets.xcassets"; sourceTree = "<group>"; };
		9079EC6D2AB256BD005A802E /* WatchNucleusView.swift */ = {isa = PBXFileReference; lastKnownFileType = sourcecode.swift; path = WatchNucleusView.swift; sourceTree = "<group>"; };
		9079EC782AB25819005A802E /* WatchNucleusDetailView.swift */ = {isa = PBXFileReference; lastKnownFileType = sourcecode.swift; path = WatchNucleusDetailView.swift; sourceTree = "<group>"; };
		90833A8F2943F5CF00FC14DA /* UpdateAcquisitionTime.swift */ = {isa = PBXFileReference; lastKnownFileType = sourcecode.swift; path = UpdateAcquisitionTime.swift; sourceTree = "<group>"; };
		90833A932943F60400FC14DA /* UpdateDwellTime.swift */ = {isa = PBXFileReference; lastKnownFileType = sourcecode.swift; path = UpdateDwellTime.swift; sourceTree = "<group>"; };
		90833A972943F6F700FC14DA /* UpdateDwellTimeInμs.swift */ = {isa = PBXFileReference; lastKnownFileType = sourcecode.swift; path = "UpdateDwellTimeInμs.swift"; sourceTree = "<group>"; };
		90833A9B2943F74F00FC14DA /* UpdateAcqusitionSize.swift */ = {isa = PBXFileReference; lastKnownFileType = sourcecode.swift; path = UpdateAcqusitionSize.swift; sourceTree = "<group>"; };
		90847F892944D5FF0079CCB0 /* UpdateSpectrumSize.swift */ = {isa = PBXFileReference; lastKnownFileType = sourcecode.swift; path = UpdateSpectrumSize.swift; sourceTree = "<group>"; };
		90847F8D2944D6D20079CCB0 /* UpdateFrequencyResolution.swift */ = {isa = PBXFileReference; lastKnownFileType = sourcecode.swift; path = UpdateFrequencyResolution.swift; sourceTree = "<group>"; };
		90847F912944D7240079CCB0 /* UpdateSpectralWidthInkHz.swift */ = {isa = PBXFileReference; lastKnownFileType = sourcecode.swift; path = UpdateSpectralWidthInkHz.swift; sourceTree = "<group>"; };
		90847F952944D7BF0079CCB0 /* UpdateSpectralWidth.swift */ = {isa = PBXFileReference; lastKnownFileType = sourcecode.swift; path = UpdateSpectralWidth.swift; sourceTree = "<group>"; };
		90847F992944DCEF0079CCB0 /* UpdatePulseDuration.swift */ = {isa = PBXFileReference; lastKnownFileType = sourcecode.swift; path = UpdatePulseDuration.swift; sourceTree = "<group>"; };
		90847F9D2944DE3B0079CCB0 /* UpdatePulseFlipAngle.swift */ = {isa = PBXFileReference; lastKnownFileType = sourcecode.swift; path = UpdatePulseFlipAngle.swift; sourceTree = "<group>"; };
		90847FA12944DE6E0079CCB0 /* UpdatePulseAmplitude.swift */ = {isa = PBXFileReference; lastKnownFileType = sourcecode.swift; path = UpdatePulseAmplitude.swift; sourceTree = "<group>"; };
		90847FA9294508BC0079CCB0 /* UpdateErnstAngle.swift */ = {isa = PBXFileReference; lastKnownFileType = sourcecode.swift; path = UpdateErnstAngle.swift; sourceTree = "<group>"; };
		90847FAD29450E460079CCB0 /* UpdateRepetitionTime.swift */ = {isa = PBXFileReference; lastKnownFileType = sourcecode.swift; path = UpdateRepetitionTime.swift; sourceTree = "<group>"; };
		90847FB1294512960079CCB0 /* UpdateRelaxationTime.swift */ = {isa = PBXFileReference; lastKnownFileType = sourcecode.swift; path = UpdateRelaxationTime.swift; sourceTree = "<group>"; };
		90847FB5294518E80079CCB0 /* NMRCalcCommandName.swift */ = {isa = PBXFileReference; lastKnownFileType = sourcecode.swift; path = NMRCalcCommandName.swift; sourceTree = "<group>"; };
		908F1F7F2AAFD2A400B4AA1F /* CalculatorErrorMessage.swift */ = {isa = PBXFileReference; lastKnownFileType = sourcecode.swift; path = CalculatorErrorMessage.swift; sourceTree = "<group>"; };
		9096478D2AB665C000069F9F /* Info.plist */ = {isa = PBXFileReference; lastKnownFileType = text.plist; path = Info.plist; sourceTree = "<group>"; };
		90A0A21325CB6C7C001DA889 /* NMRCalcConstants.swift */ = {isa = PBXFileReference; lastKnownFileType = sourcecode.swift; path = NMRCalcConstants.swift; sourceTree = "<group>"; };
		90A1DB00293EA9B400B8D105 /* NMRCalcCommand.swift */ = {isa = PBXFileReference; lastKnownFileType = sourcecode.swift; path = NMRCalcCommand.swift; sourceTree = "<group>"; };
		90A1DB02293EAA1F00B8D105 /* UpdateLarmorFrequency.swift */ = {isa = PBXFileReference; lastKnownFileType = sourcecode.swift; path = UpdateLarmorFrequency.swift; sourceTree = "<group>"; };
		90A1DB04293EACAE00B8D105 /* UpdateProtonFrequency.swift */ = {isa = PBXFileReference; lastKnownFileType = sourcecode.swift; path = UpdateProtonFrequency.swift; sourceTree = "<group>"; };
		90A1DB06293EAD1300B8D105 /* UpdateMagneticField.swift */ = {isa = PBXFileReference; lastKnownFileType = sourcecode.swift; path = UpdateMagneticField.swift; sourceTree = "<group>"; };
		90A1DB12293EB5BC00B8D105 /* UpdateElectronFrequency.swift */ = {isa = PBXFileReference; lastKnownFileType = sourcecode.swift; path = UpdateElectronFrequency.swift; sourceTree = "<group>"; };
		90AAD62125F42C48009252A4 /* NMRCalculatorInfo.pdf */ = {isa = PBXFileReference; lastKnownFileType = image.pdf; path = NMRCalculatorInfo.pdf; sourceTree = "<group>"; };
		90AD8D022FA169B7003E0DED /* NMRCalculatorMCPServer */ = {isa = PBXFileReference; explicitFileType = "compiled.mach-o.executable"; includeInIndex = 0; path = NMRCalculatorMCPServer; sourceTree = BUILT_PRODUCTS_DIR; };
		90B2A67B23CFF59C00599931 /* NuclearSpinView.swift */ = {isa = PBXFileReference; lastKnownFileType = sourcecode.swift; path = NuclearSpinView.swift; sourceTree = "<group>"; };
		90B2A67D23CFFC5E00599931 /* Fraction.swift */ = {isa = PBXFileReference; lastKnownFileType = sourcecode.swift; path = Fraction.swift; sourceTree = "<group>"; };
		90F1F86423DDE420004A144A /* ProtonFrequencyView.swift */ = {isa = PBXFileReference; lastKnownFileType = sourcecode.swift; path = ProtonFrequencyView.swift; sourceTree = "<group>"; };
		90F1F86723DDE588004A144A /* LarmorFrequencyView.swift */ = {isa = PBXFileReference; lastKnownFileType = sourcecode.swift; path = LarmorFrequencyView.swift; sourceTree = "<group>"; };
		90F318F623D3D44E00B85FBC /* AtomicElementView.swift */ = {isa = PBXFileReference; lastKnownFileType = sourcecode.swift; path = AtomicElementView.swift; sourceTree = "<group>"; };
		90F69E962AAE3C8B001FB5F0 /* NMRCalculatorSectionView.swift */ = {isa = PBXFileReference; lastKnownFileType = sourcecode.swift; path = NMRCalculatorSectionView.swift; sourceTree = "<group>"; };
		90F69E982AAE3FE1001FB5F0 /* CalculatorItem.swift */ = {isa = PBXFileReference; lastKnownFileType = sourcecode.swift; path = CalculatorItem.swift; sourceTree = "<group>"; };
		90F69E9A2AAE413F001FB5F0 /* CalculatorItems.swift */ = {isa = PBXFileReference; lastKnownFileType = sourcecode.swift; path = CalculatorItems.swift; sourceTree = "<group>"; };
		90F69E9C2AAE4464001FB5F0 /* NMRCalculatorItemView.swift */ = {isa = PBXFileReference; lastKnownFileType = sourcecode.swift; path = NMRCalculatorItemView.swift; sourceTree = "<group>"; };
		90F69E9E2AAE5AAE001FB5F0 /* UpdatePulseAmplitudeInT.swift */ = {isa = PBXFileReference; lastKnownFileType = sourcecode.swift; path = UpdatePulseAmplitudeInT.swift; sourceTree = "<group>"; };
		90F69EA02AAE66A9001FB5F0 /* UpdateRelativePower.swift */ = {isa = PBXFileReference; lastKnownFileType = sourcecode.swift; path = UpdateRelativePower.swift; sourceTree = "<group>"; };
		90FFBA5723CBA90C000A9BC9 /* NMRPeriodicTableData.swift */ = {isa = PBXFileReference; lastKnownFileType = sourcecode.swift; path = NMRPeriodicTableData.swift; sourceTree = "<group>"; };
/* End PBXFileReference section */

/* Begin PBXFileSystemSynchronizedRootGroup section */
		90AD8D032FA169B7003E0DED /* NMRCalculatorMCPServer */ = {isa = PBXFileSystemSynchronizedRootGroup; explicitFileTypes = {}; explicitFolders = (); path = NMRCalculatorMCPServer; sourceTree = "<group>"; };
/* End PBXFileSystemSynchronizedRootGroup section */

/* Begin PBXFrameworksBuildPhase section */
		9067B3272AACED2900A8FA29 /* Frameworks */ = {
			isa = PBXFrameworksBuildPhase;
			buildActionMask = 2147483647;
			files = (
			);
			runOnlyForDeploymentPostprocessing = 0;
		};
		9067B3372AACED2A00A8FA29 /* Frameworks */ = {
			isa = PBXFrameworksBuildPhase;
			buildActionMask = 2147483647;
			files = (
			);
			runOnlyForDeploymentPostprocessing = 0;
		};
		9067B3412AACED2A00A8FA29 /* Frameworks */ = {
			isa = PBXFrameworksBuildPhase;
			buildActionMask = 2147483647;
			files = (
			);
			runOnlyForDeploymentPostprocessing = 0;
		};
		9079EC582AB253D4005A802E /* Frameworks */ = {
			isa = PBXFrameworksBuildPhase;
			buildActionMask = 2147483647;
			files = (
			);
			runOnlyForDeploymentPostprocessing = 0;
		};
		90AD8CFF2FA169B7003E0DED /* Frameworks */ = {
			isa = PBXFrameworksBuildPhase;
			buildActionMask = 2147483647;
			files = (
				90AD8D0E2FA16E2D003E0DED /* MCP in Frameworks */,
			);
			runOnlyForDeploymentPostprocessing = 0;
		};
/* End PBXFrameworksBuildPhase section */

/* Begin PBXGroup section */
		0B6ACEF61D08E87F00D7D342 = {
			isa = PBXGroup;
			children = (
				90A0A21225CB6C5F001DA889 /* NMRCalcCommon */,
				9067B32B2AACED2900A8FA29 /* NMRCalculator2 */,
				9067B33D2AACED2A00A8FA29 /* NMRCalculator2Tests */,
				9067B3472AACED2A00A8FA29 /* NMRCalculator2UITests */,
				9079EC5C2AB253D4005A802E /* WatchNMRCalculator2 Watch App */,
				90AD8D032FA169B7003E0DED /* NMRCalculatorMCPServer */,
				0B6ACF001D08E88000D7D342 /* Products */,
			);
			sourceTree = "<group>";
		};
		0B6ACF001D08E88000D7D342 /* Products */ = {
			isa = PBXGroup;
			children = (
				9067B32A2AACED2900A8FA29 /* NMRCalculator2.app */,
				9067B33A2AACED2A00A8FA29 /* NMRCalculator2Tests.xctest */,
				9067B3442AACED2A00A8FA29 /* NMRCalculator2UITests.xctest */,
				9079EC5B2AB253D4005A802E /* WatchNMRCalculator2 Watch App.app */,
				90AD8D022FA169B7003E0DED /* NMRCalculatorMCPServer */,
			);
			name = Products;
			sourceTree = "<group>";
		};
		904693A3287CCA7F005B8FFA /* Model */ = {
			isa = PBXGroup;
			children = (
				0BFEB1271D0CA8FE00F37F1B /* NMRNucleus.swift */,
				904693A4287CCBE6005B8FFA /* ParameterConverting.swift */,
				904693A6287CCDFB005B8FFA /* LarmorFrequencyMagneticFieldConverter.swift */,
				904693A8287CD09A005B8FFA /* SpectralWidthFrequencyResolutionConverter.swift */,
				900AFCC0287F793400F30039 /* DwellAcquisitionTimeConverter.swift */,
				900AFCC2287F7A4A00F30039 /* Pulse.swift */,
				9047C0C12888A9CA003170BC /* DecibelCalculator.swift */,
				9047C0C32888AC6B003170BC /* ErnstAngleCalculator.swift */,
			);
			path = Model;
			sourceTree = "<group>";
		};
		9067B32B2AACED2900A8FA29 /* NMRCalculator2 */ = {
			isa = PBXGroup;
			children = (
				9096478D2AB665C000069F9F /* Info.plist */,
				9067B3582AACEF4500A8FA29 /* Model */,
				9067B3572AACEF3500A8FA29 /* View */,
				9067B32C2AACED2900A8FA29 /* NMRCalculator2App.swift */,
				9067B32E2AACED2900A8FA29 /* ContentView.swift */,
				9067B3302AACED2A00A8FA29 /* Assets.xcassets */,
				9067B3322AACED2A00A8FA29 /* NMRCalculator2.entitlements */,
				9067B3332AACED2A00A8FA29 /* Preview Content */,
			);
			path = NMRCalculator2;
			sourceTree = "<group>";
		};
		9067B3332AACED2A00A8FA29 /* Preview Content */ = {
			isa = PBXGroup;
			children = (
				9067B3342AACED2A00A8FA29 /* Preview Assets.xcassets */,
			);
			path = "Preview Content";
			sourceTree = "<group>";
		};
		9067B33D2AACED2A00A8FA29 /* NMRCalculator2Tests */ = {
			isa = PBXGroup;
			children = (
				9067B33E2AACED2A00A8FA29 /* NMRCalculator2Tests.swift */,
			);
			path = NMRCalculator2Tests;
			sourceTree = "<group>";
		};
		9067B3472AACED2A00A8FA29 /* NMRCalculator2UITests */ = {
			isa = PBXGroup;
			children = (
				9067B3482AACED2A00A8FA29 /* NMRCalculator2UITests.swift */,
				9067B34A2AACED2A00A8FA29 /* NMRCalculator2UITestsLaunchTests.swift */,
			);
			path = NMRCalculator2UITests;
			sourceTree = "<group>";
		};
		9067B3572AACEF3500A8FA29 /* View */ = {
			isa = PBXGroup;
			children = (
				9067B3592AACEF9900A8FA29 /* NuclearListView.swift */,
				9067B35E2AACF29E00A8FA29 /* NucleusInfoView.swift */,
				9067B3602AACF2B100A8FA29 /* NucleusDetailView.swift */,
				90F69E962AAE3C8B001FB5F0 /* NMRCalculatorSectionView.swift */,
				90F69E9C2AAE4464001FB5F0 /* NMRCalculatorItemView.swift */,
			);
			path = View;
			sourceTree = "<group>";
		};
		9067B3582AACEF4500A8FA29 /* Model */ = {
			isa = PBXGroup;
			children = (
				9067B35B2AACF00A00A8FA29 /* NMRCalculator2.swift */,
				90F69E982AAE3FE1001FB5F0 /* CalculatorItem.swift */,
				90F69E9A2AAE413F001FB5F0 /* CalculatorItems.swift */,
				908F1F7F2AAFD2A400B4AA1F /* CalculatorErrorMessage.swift */,
				9076880E2AB75BBA00E72F99 /* CalculationType.swift */,
			);
			path = Model;
			sourceTree = "<group>";
		};
		906EBC6F25E4740E00ED8641 /* Assets */ = {
			isa = PBXGroup;
			children = (
				90AAD62125F42C48009252A4 /* NMRCalculatorInfo.pdf */,
				0B6ACF261D08ED4200D7D342 /* NMRFreqTable.txt */,
			);
			path = Assets;
			sourceTree = "<group>";
		};
		906EBCBB25E478F100ED8641 /* Views */ = {
			isa = PBXGroup;
			children = (
				90F318F623D3D44E00B85FBC /* AtomicElementView.swift */,
				90F1F86723DDE588004A144A /* LarmorFrequencyView.swift */,
				90F1F86423DDE420004A144A /* ProtonFrequencyView.swift */,
				90B2A67B23CFF59C00599931 /* NuclearSpinView.swift */,
			);
			path = Views;
			sourceTree = "<group>";
		};
		907688022AB7449600E72F99 /* Model */ = {
			isa = PBXGroup;
			children = (
				907688032AB744B900E72F99 /* WatchNMRCalculator2.swift */,
				907688052AB7450300E72F99 /* Focus.swift */,
				9076880C2AB74F6300E72F99 /* WatchNMRCalculatorConstant.swift */,
			);
			path = Model;
			sourceTree = "<group>";
		};
		9079EC5C2AB253D4005A802E /* WatchNMRCalculator2 Watch App */ = {
			isa = PBXGroup;
			children = (
				907688022AB7449600E72F99 /* Model */,
				9079EC6F2AB256E9005A802E /* Views */,
				9079EC5D2AB253D4005A802E /* WatchNMRCalculator2App.swift */,
				9079EC5F2AB253D4005A802E /* ContentView.swift */,
				9079EC612AB253D5005A802E /* Assets.xcassets */,
				9079EC632AB253D5005A802E /* Preview Content */,
			);
			path = "WatchNMRCalculator2 Watch App";
			sourceTree = "<group>";
		};
		9079EC632AB253D5005A802E /* Preview Content */ = {
			isa = PBXGroup;
			children = (
				9079EC642AB253D5005A802E /* Preview Assets.xcassets */,
			);
			path = "Preview Content";
			sourceTree = "<group>";
		};
		9079EC6F2AB256E9005A802E /* Views */ = {
			isa = PBXGroup;
			children = (
				9079EC6D2AB256BD005A802E /* WatchNucleusView.swift */,
				9079EC782AB25819005A802E /* WatchNucleusDetailView.swift */,
				907688082AB7459700E72F99 /* WatchNucleusInfoView.swift */,
			);
			path = Views;
			sourceTree = "<group>";
		};
		90A0A21225CB6C5F001DA889 /* NMRCalcCommon */ = {
			isa = PBXGroup;
			children = (
				90A1DAFF293EA99D00B8D105 /* Command */,
				904693A3287CCA7F005B8FFA /* Model */,
				906EBCBB25E478F100ED8641 /* Views */,
				906EBC6F25E4740E00ED8641 /* Assets */,
				90A0A21325CB6C7C001DA889 /* NMRCalcConstants.swift */,
				90FFBA5723CBA90C000A9BC9 /* NMRPeriodicTableData.swift */,
				90732BBE2129E9E70027DFBD /* NMRPeriodicTable.swift */,
				90B2A67D23CFFC5E00599931 /* Fraction.swift */,
				9039F9F927E925CF0021692A /* NMRCalcUnit.swift */,
			);
			path = NMRCalcCommon;
			sourceTree = "<group>";
		};
		90A1DAFF293EA99D00B8D105 /* Command */ = {
			isa = PBXGroup;
			children = (
				90A1DB00293EA9B400B8D105 /* NMRCalcCommand.swift */,
				90A1DB06293EAD1300B8D105 /* UpdateMagneticField.swift */,
				90A1DB02293EAA1F00B8D105 /* UpdateLarmorFrequency.swift */,
				90A1DB04293EACAE00B8D105 /* UpdateProtonFrequency.swift */,
				90A1DB12293EB5BC00B8D105 /* UpdateElectronFrequency.swift */,
				90833A8F2943F5CF00FC14DA /* UpdateAcquisitionTime.swift */,
				90833A932943F60400FC14DA /* UpdateDwellTime.swift */,
				90833A972943F6F700FC14DA /* UpdateDwellTimeInμs.swift */,
				90833A9B2943F74F00FC14DA /* UpdateAcqusitionSize.swift */,
				90847F892944D5FF0079CCB0 /* UpdateSpectrumSize.swift */,
				90847F8D2944D6D20079CCB0 /* UpdateFrequencyResolution.swift */,
				90847F912944D7240079CCB0 /* UpdateSpectralWidthInkHz.swift */,
				90847F952944D7BF0079CCB0 /* UpdateSpectralWidth.swift */,
				90847F992944DCEF0079CCB0 /* UpdatePulseDuration.swift */,
				90847F9D2944DE3B0079CCB0 /* UpdatePulseFlipAngle.swift */,
				90847FA12944DE6E0079CCB0 /* UpdatePulseAmplitude.swift */,
				90847FA9294508BC0079CCB0 /* UpdateErnstAngle.swift */,
				90847FAD29450E460079CCB0 /* UpdateRepetitionTime.swift */,
				90847FB1294512960079CCB0 /* UpdateRelaxationTime.swift */,
				90847FB5294518E80079CCB0 /* NMRCalcCommandName.swift */,
				90F69E9E2AAE5AAE001FB5F0 /* UpdatePulseAmplitudeInT.swift */,
				90F69EA02AAE66A9001FB5F0 /* UpdateRelativePower.swift */,
			);
			path = Command;
			sourceTree = "<group>";
		};
/* End PBXGroup section */

/* Begin PBXNativeTarget section */
		9067B3292AACED2900A8FA29 /* NMRCalculator2 */ = {
			isa = PBXNativeTarget;
			buildConfigurationList = 9067B3522AACED2A00A8FA29 /* Build configuration list for PBXNativeTarget "NMRCalculator2" */;
			buildPhases = (
				9067B3262AACED2900A8FA29 /* Sources */,
				9067B3272AACED2900A8FA29 /* Frameworks */,
				9067B3282AACED2900A8FA29 /* Resources */,
				9079EC692AB253D5005A802E /* Embed Watch Content */,
			);
			buildRules = (
			);
			dependencies = (
				9079EC672AB253D5005A802E /* PBXTargetDependency */,
			);
			name = NMRCalculator2;
			productName = NMRCalculator2;
			productReference = 9067B32A2AACED2900A8FA29 /* NMRCalculator2.app */;
			productType = "com.apple.product-type.application";
		};
		9067B3392AACED2A00A8FA29 /* NMRCalculator2Tests */ = {
			isa = PBXNativeTarget;
			buildConfigurationList = 9067B3532AACED2A00A8FA29 /* Build configuration list for PBXNativeTarget "NMRCalculator2Tests" */;
			buildPhases = (
				9067B3362AACED2A00A8FA29 /* Sources */,
				9067B3372AACED2A00A8FA29 /* Frameworks */,
				9067B3382AACED2A00A8FA29 /* Resources */,
			);
			buildRules = (
			);
			dependencies = (
				9067B33C2AACED2A00A8FA29 /* PBXTargetDependency */,
			);
			name = NMRCalculator2Tests;
			productName = NMRCalculator2Tests;
			productReference = 9067B33A2AACED2A00A8FA29 /* NMRCalculator2Tests.xctest */;
			productType = "com.apple.product-type.bundle.unit-test";
		};
		9067B3432AACED2A00A8FA29 /* NMRCalculator2UITests */ = {
			isa = PBXNativeTarget;
			buildConfigurationList = 9067B3542AACED2A00A8FA29 /* Build configuration list for PBXNativeTarget "NMRCalculator2UITests" */;
			buildPhases = (
				9067B3402AACED2A00A8FA29 /* Sources */,
				9067B3412AACED2A00A8FA29 /* Frameworks */,
				9067B3422AACED2A00A8FA29 /* Resources */,
			);
			buildRules = (
			);
			dependencies = (
				9067B3462AACED2A00A8FA29 /* PBXTargetDependency */,
			);
			name = NMRCalculator2UITests;
			productName = NMRCalculator2UITests;
			productReference = 9067B3442AACED2A00A8FA29 /* NMRCalculator2UITests.xctest */;
			productType = "com.apple.product-type.bundle.ui-testing";
		};
		9079EC5A2AB253D4005A802E /* WatchNMRCalculator2 Watch App */ = {
			isa = PBXNativeTarget;
			buildConfigurationList = 9079EC6C2AB253D5005A802E /* Build configuration list for PBXNativeTarget "WatchNMRCalculator2 Watch App" */;
			buildPhases = (
				9079EC572AB253D4005A802E /* Sources */,
				9079EC582AB253D4005A802E /* Frameworks */,
				9079EC592AB253D4005A802E /* Resources */,
			);
			buildRules = (
			);
			dependencies = (
			);
			name = "WatchNMRCalculator2 Watch App";
			productName = "WatchNMRCalculator2 Watch App";
			productReference = 9079EC5B2AB253D4005A802E /* WatchNMRCalculator2 Watch App.app */;
			productType = "com.apple.product-type.application";
		};
		90AD8D012FA169B7003E0DED /* NMRCalculatorMCPServer */ = {
			isa = PBXNativeTarget;
			buildConfigurationList = 90AD8D082FA169B7003E0DED /* Build configuration list for PBXNativeTarget "NMRCalculatorMCPServer" */;
			buildPhases = (
				90AD8CFE2FA169B7003E0DED /* Sources */,
				90AD8CFF2FA169B7003E0DED /* Frameworks */,
				90AD8D002FA169B7003E0DED /* CopyFiles */,
			);
			buildRules = (
			);
			dependencies = (
			);
			fileSystemSynchronizedGroups = (
				90AD8D032FA169B7003E0DED /* NMRCalculatorMCPServer */,
			);
			name = NMRCalculatorMCPServer;
			packageProductDependencies = (
				90AD8D0D2FA16E2D003E0DED /* MCP */,
			);
			productName = NMRCalculatorMCPServer;
			productReference = 90AD8D022FA169B7003E0DED /* NMRCalculatorMCPServer */;
			productType = "com.apple.product-type.tool";
		};
/* End PBXNativeTarget section */

/* Begin PBXProject section */
		0B6ACEF71D08E87F00D7D342 /* Project object */ = {
			isa = PBXProject;
			attributes = {
				BuildIndependentTargetsInParallel = YES;
				LastSwiftUpdateCheck = 2640;
				LastUpgradeCheck = 2640;
				ORGANIZATIONNAME = "Jae-Seung Lee";
				TargetAttributes = {
					9067B3292AACED2900A8FA29 = {
						CreatedOnToolsVersion = 14.3.1;
					};
					9067B3392AACED2A00A8FA29 = {
						CreatedOnToolsVersion = 14.3.1;
						TestTargetID = 9067B3292AACED2900A8FA29;
					};
					9067B3432AACED2A00A8FA29 = {
						CreatedOnToolsVersion = 14.3.1;
						TestTargetID = 9067B3292AACED2900A8FA29;
					};
					9079EC5A2AB253D4005A802E = {
						CreatedOnToolsVersion = 14.3.1;
					};
					90AD8D012FA169B7003E0DED = {
						CreatedOnToolsVersion = 26.4.1;
					};
				};
			};
			buildConfigurationList = 0B6ACEFA1D08E87F00D7D342 /* Build configuration list for PBXProject "NMRCalculator" */;
			compatibilityVersion = "Xcode 9.3";
			developmentRegion = en;
			hasScannedForEncodings = 0;
			knownRegions = (
				en,
				Base,
			);
			mainGroup = 0B6ACEF61D08E87F00D7D342;
			packageReferences = (
				90AD8D0C2FA16E2D003E0DED /* XCRemoteSwiftPackageReference "swift-sdk" */,
			);
			productRefGroup = 0B6ACF001D08E88000D7D342 /* Products */;
			projectDirPath = "";
			projectRoot = "";
			targets = (
				9067B3292AACED2900A8FA29 /* NMRCalculator2 */,
				9067B3392AACED2A00A8FA29 /* NMRCalculator2Tests */,
				9067B3432AACED2A00A8FA29 /* NMRCalculator2UITests */,
				9079EC5A2AB253D4005A802E /* WatchNMRCalculator2 Watch App */,
				90AD8D012FA169B7003E0DED /* NMRCalculatorMCPServer */,
			);
		};
/* End PBXProject section */

/* Begin PBXResourcesBuildPhase section */
		9067B3282AACED2900A8FA29 /* Resources */ = {
			isa = PBXResourcesBuildPhase;
			buildActionMask = 2147483647;
			files = (
				907A0D582AACF54F00EA68BB /* NMRFreqTable.txt in Resources */,
				9067B3352AACED2A00A8FA29 /* Preview Assets.xcassets in Resources */,
				9067B3312AACED2A00A8FA29 /* Assets.xcassets in Resources */,
			);
			runOnlyForDeploymentPostprocessing = 0;
		};
		9067B3382AACED2A00A8FA29 /* Resources */ = {
			isa = PBXResourcesBuildPhase;
			buildActionMask = 2147483647;
			files = (
			);
			runOnlyForDeploymentPostprocessing = 0;
		};
		9067B3422AACED2A00A8FA29 /* Resources */ = {
			isa = PBXResourcesBuildPhase;
			buildActionMask = 2147483647;
			files = (
			);
			runOnlyForDeploymentPostprocessing = 0;
		};
		9079EC592AB253D4005A802E /* Resources */ = {
			isa = PBXResourcesBuildPhase;
			buildActionMask = 2147483647;
			files = (
				9079EC7D2AB25A9C005A802E /* NMRFreqTable.txt in Resources */,
				9079EC652AB253D5005A802E /* Preview Assets.xcassets in Resources */,
				9079EC622AB253D5005A802E /* Assets.xcassets in Resources */,
			);
			runOnlyForDeploymentPostprocessing = 0;
		};
/* End PBXResourcesBuildPhase section */

/* Begin PBXSourcesBuildPhase section */
		9067B3262AACED2900A8FA29 /* Sources */ = {
			isa = PBXSourcesBuildPhase;
			buildActionMask = 2147483647;
			files = (
				908F1F802AAFD2A400B4AA1F /* CalculatorErrorMessage.swift in Sources */,
				90F69E812AAE0AB0001FB5F0 /* UpdateSpectrumSize.swift in Sources */,
				90F69E7E2AAE0AA8001FB5F0 /* UpdateDwellTime.swift in Sources */,
				90F69E9B2AAE413F001FB5F0 /* CalculatorItems.swift in Sources */,
				9067B32F2AACED2900A8FA29 /* ContentView.swift in Sources */,
				9034BA0B2AAD253D00E9DAE0 /* UpdateProtonFrequency.swift in Sources */,
				9067B3612AACF2B100A8FA29 /* NucleusDetailView.swift in Sources */,
				90F69E832AAE0AB6001FB5F0 /* UpdateSpectralWidthInkHz.swift in Sources */,
				90F69E782AADFDBB001FB5F0 /* UpdateRelaxationTime.swift in Sources */,
				90F69E992AAE3FE1001FB5F0 /* CalculatorItem.swift in Sources */,
				90F69EA12AAE66A9001FB5F0 /* UpdateRelativePower.swift in Sources */,
				90F69E902AAE0FC5001FB5F0 /* Pulse.swift in Sources */,
				9067B3562AACEF0B00A8FA29 /* NMRPeriodicTable.swift in Sources */,
				90F69E8F2AAE0FAE001FB5F0 /* UpdatePulseAmplitude.swift in Sources */,
				90F69E842AAE0AB9001FB5F0 /* UpdateSpectralWidth.swift in Sources */,
				9034BA082AAD252900E9DAE0 /* UpdateMagneticField.swift in Sources */,
				9034BA0E2AAD261700E9DAE0 /* NMRCalcCommandName.swift in Sources */,
				90F69E7D2AAE0AA5001FB5F0 /* UpdateAcquisitionTime.swift in Sources */,
				9034BA0C2AAD254000E9DAE0 /* UpdateElectronFrequency.swift in Sources */,
				9067B3552AACEEFB00A8FA29 /* NMRNucleus.swift in Sources */,
				90F69E822AAE0AB3001FB5F0 /* UpdateFrequencyResolution.swift in Sources */,
				907A0D592AACF5A900EA68BB /* AtomicElementView.swift in Sources */,
				90F69E852AAE0AC0001FB5F0 /* SpectralWidthFrequencyResolutionConverter.swift in Sources */,
				90F69E8E2AAE0FAB001FB5F0 /* UpdatePulseFlipAngle.swift in Sources */,
				9067B35A2AACEF9900A8FA29 /* NuclearListView.swift in Sources */,
				90F69E792AADFDBD001FB5F0 /* UpdateRepetitionTime.swift in Sources */,
				9034BA0D2AAD255300E9DAE0 /* NMRCalcConstants.swift in Sources */,
				90F69E7F2AAE0AAB001FB5F0 /* UpdateDwellTimeInμs.swift in Sources */,
				90F69E972AAE3C8B001FB5F0 /* NMRCalculatorSectionView.swift in Sources */,
				9034BA062AAD238200E9DAE0 /* NMRCalcUnit.swift in Sources */,
				9067B35C2AACF00A00A8FA29 /* NMRCalculator2.swift in Sources */,
				90F69E802AAE0AAD001FB5F0 /* UpdateAcqusitionSize.swift in Sources */,
				90F69E8D2AAE0FA9001FB5F0 /* UpdatePulseDuration.swift in Sources */,
				90F69E9D2AAE4464001FB5F0 /* NMRCalculatorItemView.swift in Sources */,
				90F69E9F2AAE5AAE001FB5F0 /* UpdatePulseAmplitudeInT.swift in Sources */,
				90F69E862AAE0AC6001FB5F0 /* DwellAcquisitionTimeConverter.swift in Sources */,
				9034BA072AAD252100E9DAE0 /* NMRCalcCommand.swift in Sources */,
				9076880F2AB75BBA00E72F99 /* CalculationType.swift in Sources */,
				9067B35F2AACF29E00A8FA29 /* NucleusInfoView.swift in Sources */,
				90F69E772AADFDB7001FB5F0 /* ErnstAngleCalculator.swift in Sources */,
				9067B32D2AACED2900A8FA29 /* NMRCalculator2App.swift in Sources */,
				9034BA092AAD253500E9DAE0 /* LarmorFrequencyMagneticFieldConverter.swift in Sources */,
				90F69E912AAE0FC9001FB5F0 /* DecibelCalculator.swift in Sources */,
				9034BA0A2AAD253A00E9DAE0 /* UpdateLarmorFrequency.swift in Sources */,
				907A0D5A2AACF5D900EA68BB /* Fraction.swift in Sources */,
				90F69E7A2AADFDC0001FB5F0 /* UpdateErnstAngle.swift in Sources */,
			);
			runOnlyForDeploymentPostprocessing = 0;
		};
		9067B3362AACED2A00A8FA29 /* Sources */ = {
			isa = PBXSourcesBuildPhase;
			buildActionMask = 2147483647;
			files = (
				9067B33F2AACED2A00A8FA29 /* NMRCalculator2Tests.swift in Sources */,
			);
			runOnlyForDeploymentPostprocessing = 0;
		};
		9067B3402AACED2A00A8FA29 /* Sources */ = {
			isa = PBXSourcesBuildPhase;
			buildActionMask = 2147483647;
			files = (
				9067B3492AACED2A00A8FA29 /* NMRCalculator2UITests.swift in Sources */,
				9067B34B2AACED2A00A8FA29 /* NMRCalculator2UITestsLaunchTests.swift in Sources */,
			);
			runOnlyForDeploymentPostprocessing = 0;
		};
		9079EC572AB253D4005A802E /* Sources */ = {
			isa = PBXSourcesBuildPhase;
			buildActionMask = 2147483647;
			files = (
				9079EC762AB25771005A802E /* NMRPeriodicTable.swift in Sources */,
				9079EC602AB253D4005A802E /* ContentView.swift in Sources */,
				9079EC6E2AB256BD005A802E /* WatchNucleusView.swift in Sources */,
				907688042AB744B900E72F99 /* WatchNMRCalculator2.swift in Sources */,
				9079EC7A2AB25845005A802E /* NuclearSpinView.swift in Sources */,
				907688092AB7459700E72F99 /* WatchNucleusInfoView.swift in Sources */,
				907688062AB7450300E72F99 /* Focus.swift in Sources */,
				9079EC5E2AB253D4005A802E /* WatchNMRCalculator2App.swift in Sources */,
				9079EC732AB2573E005A802E /* NMRNucleus.swift in Sources */,
				9079EC722AB25716005A802E /* AtomicElementView.swift in Sources */,
				907688072AB7453C00E72F99 /* NMRCalcUnit.swift in Sources */,
				9079EC7B2AB25854005A802E /* LarmorFrequencyView.swift in Sources */,
				9079EC792AB25819005A802E /* WatchNucleusDetailView.swift in Sources */,
				9079EC742AB25769005A802E /* NMRCalcConstants.swift in Sources */,
				9079EC7C2AB25857005A802E /* ProtonFrequencyView.swift in Sources */,
				9079EC712AB25707005A802E /* Fraction.swift in Sources */,
				9076880D2AB74F6300E72F99 /* WatchNMRCalculatorConstant.swift in Sources */,
			);
			runOnlyForDeploymentPostprocessing = 0;
		};
		90AD8CFE2FA169B7003E0DED /* Sources */ = {
			isa = PBXSourcesBuildPhase;
			buildActionMask = 2147483647;
			files = (
				90AD8D0B2FA16A62003E0DED /* NMRNucleus.swift in Sources */,
			);
			runOnlyForDeploymentPostprocessing = 0;
		};
/* End PBXSourcesBuildPhase section */

/* Begin PBXTargetDependency section */
		9067B33C2AACED2A00A8FA29 /* PBXTargetDependency */ = {
			isa = PBXTargetDependency;
			target = 9067B3292AACED2900A8FA29 /* NMRCalculator2 */;
			targetProxy = 9067B33B2AACED2A00A8FA29 /* PBXContainerItemProxy */;
		};
		9067B3462AACED2A00A8FA29 /* PBXTargetDependency */ = {
			isa = PBXTargetDependency;
			target = 9067B3292AACED2900A8FA29 /* NMRCalculator2 */;
			targetProxy = 9067B3452AACED2A00A8FA29 /* PBXContainerItemProxy */;
		};
		9079EC672AB253D5005A802E /* PBXTargetDependency */ = {
			isa = PBXTargetDependency;
			target = 9079EC5A2AB253D4005A802E /* WatchNMRCalculator2 Watch App */;
			targetProxy = 9079EC662AB253D5005A802E /* PBXContainerItemProxy */;
		};
/* End PBXTargetDependency section */

/* Begin XCBuildConfiguration section */
		0B6ACF1C1D08E88000D7D342 /* Debug */ = {
			isa = XCBuildConfiguration;
			buildSettings = {
				ALWAYS_SEARCH_USER_PATHS = NO;
				CLANG_ANALYZER_NONNULL = YES;
				CLANG_CXX_LANGUAGE_STANDARD = "gnu++0x";
				CLANG_CXX_LIBRARY = "libc++";
				CLANG_ENABLE_MODULES = YES;
				CLANG_ENABLE_OBJC_ARC = YES;
				CLANG_WARN_BLOCK_CAPTURE_AUTORELEASING = YES;
				CLANG_WARN_BOOL_CONVERSION = YES;
				CLANG_WARN_COMMA = YES;
				CLANG_WARN_CONSTANT_CONVERSION = YES;
				CLANG_WARN_DEPRECATED_OBJC_IMPLEMENTATIONS = YES;
				CLANG_WARN_DIRECT_OBJC_ISA_USAGE = YES_ERROR;
				CLANG_WARN_EMPTY_BODY = YES;
				CLANG_WARN_ENUM_CONVERSION = YES;
				CLANG_WARN_INFINITE_RECURSION = YES;
				CLANG_WARN_INT_CONVERSION = YES;
				CLANG_WARN_NON_LITERAL_NULL_CONVERSION = YES;
				CLANG_WARN_OBJC_IMPLICIT_RETAIN_SELF = YES;
				CLANG_WARN_OBJC_LITERAL_CONVERSION = YES;
				CLANG_WARN_OBJC_ROOT_CLASS = YES_ERROR;
				CLANG_WARN_QUOTED_INCLUDE_IN_FRAMEWORK_HEADER = YES;
				CLANG_WARN_RANGE_LOOP_ANALYSIS = YES;
				CLANG_WARN_STRICT_PROTOTYPES = YES;
				CLANG_WARN_SUSPICIOUS_MOVE = YES;
				CLANG_WARN_UNREACHABLE_CODE = YES;
				CLANG_WARN__DUPLICATE_METHOD_MATCH = YES;
				"CODE_SIGN_IDENTITY[sdk=iphoneos*]" = "iPhone Developer";
				COPY_PHASE_STRIP = NO;
				DEBUG_INFORMATION_FORMAT = dwarf;
				ENABLE_STRICT_OBJC_MSGSEND = YES;
				ENABLE_TESTABILITY = YES;
				ENABLE_USER_SCRIPT_SANDBOXING = YES;
				GCC_C_LANGUAGE_STANDARD = gnu99;
				GCC_DYNAMIC_NO_PIC = NO;
				GCC_NO_COMMON_BLOCKS = YES;
				GCC_OPTIMIZATION_LEVEL = 0;
				GCC_PREPROCESSOR_DEFINITIONS = (
					"DEBUG=1",
					"$(inherited)",
				);
				GCC_WARN_64_TO_32_BIT_CONVERSION = YES;
				GCC_WARN_ABOUT_RETURN_TYPE = YES_ERROR;
				GCC_WARN_UNDECLARED_SELECTOR = YES;
				GCC_WARN_UNINITIALIZED_AUTOS = YES_AGGRESSIVE;
				GCC_WARN_UNUSED_FUNCTION = YES;
				GCC_WARN_UNUSED_VARIABLE = YES;
				IPHONEOS_DEPLOYMENT_TARGET = 12.0;
				MACOSX_DEPLOYMENT_TARGET = 11.1;
				MTL_ENABLE_DEBUG_INFO = YES;
				ONLY_ACTIVE_ARCH = YES;
				SDKROOT = iphoneos;
				STRING_CATALOG_GENERATE_SYMBOLS = YES;
				SWIFT_OPTIMIZATION_LEVEL = "-Onone";
				SWIFT_STRICT_CONCURRENCY = complete;
				SWIFT_SWIFT3_OBJC_INFERENCE = Default;
				SWIFT_VERSION = 6.0;
				TARGETED_DEVICE_FAMILY = "1,2";
			};
			name = Debug;
		};
		0B6ACF1D1D08E88000D7D342 /* Release */ = {
			isa = XCBuildConfiguration;
			buildSettings = {
				ALWAYS_SEARCH_USER_PATHS = NO;
				CLANG_ANALYZER_NONNULL = YES;
				CLANG_CXX_LANGUAGE_STANDARD = "gnu++0x";
				CLANG_CXX_LIBRARY = "libc++";
				CLANG_ENABLE_MODULES = YES;
				CLANG_ENABLE_OBJC_ARC = YES;
				CLANG_WARN_BLOCK_CAPTURE_AUTORELEASING = YES;
				CLANG_WARN_BOOL_CONVERSION = YES;
				CLANG_WARN_COMMA = YES;
				CLANG_WARN_CONSTANT_CONVERSION = YES;
				CLANG_WARN_DEPRECATED_OBJC_IMPLEMENTATIONS = YES;
				CLANG_WARN_DIRECT_OBJC_ISA_USAGE = YES_ERROR;
				CLANG_WARN_EMPTY_BODY = YES;
				CLANG_WARN_ENUM_CONVERSION = YES;
				CLANG_WARN_INFINITE_RECURSION = YES;
				CLANG_WARN_INT_CONVERSION = YES;
				CLANG_WARN_NON_LITERAL_NULL_CONVERSION = YES;
				CLANG_WARN_OBJC_IMPLICIT_RETAIN_SELF = YES;
				CLANG_WARN_OBJC_LITERAL_CONVERSION = YES;
				CLANG_WARN_OBJC_ROOT_CLASS = YES_ERROR;
				CLANG_WARN_QUOTED_INCLUDE_IN_FRAMEWORK_HEADER = YES;
				CLANG_WARN_RANGE_LOOP_ANALYSIS = YES;
				CLANG_WARN_STRICT_PROTOTYPES = YES;
				CLANG_WARN_SUSPICIOUS_MOVE = YES;
				CLANG_WARN_UNREACHABLE_CODE = YES;
				CLANG_WARN__DUPLICATE_METHOD_MATCH = YES;
				"CODE_SIGN_IDENTITY[sdk=iphoneos*]" = "iPhone Developer";
				COPY_PHASE_STRIP = NO;
				DEBUG_INFORMATION_FORMAT = "dwarf-with-dsym";
				ENABLE_NS_ASSERTIONS = NO;
				ENABLE_STRICT_OBJC_MSGSEND = YES;
				ENABLE_USER_SCRIPT_SANDBOXING = YES;
				GCC_C_LANGUAGE_STANDARD = gnu99;
				GCC_NO_COMMON_BLOCKS = YES;
				GCC_WARN_64_TO_32_BIT_CONVERSION = YES;
				GCC_WARN_ABOUT_RETURN_TYPE = YES_ERROR;
				GCC_WARN_UNDECLARED_SELECTOR = YES;
				GCC_WARN_UNINITIALIZED_AUTOS = YES_AGGRESSIVE;
				GCC_WARN_UNUSED_FUNCTION = YES;
				GCC_WARN_UNUSED_VARIABLE = YES;
				IPHONEOS_DEPLOYMENT_TARGET = 12.0;
				MACOSX_DEPLOYMENT_TARGET = 11.1;
				MTL_ENABLE_DEBUG_INFO = NO;
				ONLY_ACTIVE_ARCH = NO;
				SDKROOT = iphoneos;
				STRING_CATALOG_GENERATE_SYMBOLS = YES;
				SWIFT_COMPILATION_MODE = wholemodule;
				SWIFT_OPTIMIZATION_LEVEL = "-O";
				SWIFT_STRICT_CONCURRENCY = complete;
				SWIFT_SWIFT3_OBJC_INFERENCE = Default;
				SWIFT_VERSION = 6.0;
				TARGETED_DEVICE_FAMILY = "1,2";
				VALIDATE_PRODUCT = YES;
			};
			name = Release;
		};
		9067B34C2AACED2A00A8FA29 /* Debug */ = {
			isa = XCBuildConfiguration;
			buildSettings = {
				ASSETCATALOG_COMPILER_APPICON_NAME = AppIcon;
				ASSETCATALOG_COMPILER_GLOBAL_ACCENT_COLOR_NAME = AccentColor;
				CLANG_ANALYZER_NUMBER_OBJECT_CONVERSION = YES_AGGRESSIVE;
				CLANG_CXX_LANGUAGE_STANDARD = "gnu++20";
				CLANG_ENABLE_OBJC_WEAK = YES;
				CLANG_WARN_DOCUMENTATION_COMMENTS = YES;
				CLANG_WARN_UNGUARDED_AVAILABILITY = YES_AGGRESSIVE;
				CODE_SIGN_ENTITLEMENTS = NMRCalculator2/NMRCalculator2.entitlements;
				CODE_SIGN_STYLE = Automatic;
				CURRENT_PROJECT_VERSION = 9;
				DEAD_CODE_STRIPPING = YES;
				DEVELOPMENT_ASSET_PATHS = "\"NMRCalculator2/Preview Content\"";
				DEVELOPMENT_TEAM = U8VSJXRJTQ;
				ENABLE_HARDENED_RUNTIME = YES;
				ENABLE_PREVIEWS = YES;
				GCC_C_LANGUAGE_STANDARD = gnu11;
				GENERATE_INFOPLIST_FILE = YES;
				INFOPLIST_FILE = NMRCalculator2/Info.plist;
				INFOPLIST_KEY_CFBundleDisplayName = "NMR Calculator 2";
				INFOPLIST_KEY_LSApplicationCategoryType = "public.app-category.education";
				"INFOPLIST_KEY_UIApplicationSceneManifest_Generation[sdk=iphoneos*]" = YES;
				"INFOPLIST_KEY_UIApplicationSceneManifest_Generation[sdk=iphonesimulator*]" = YES;
				"INFOPLIST_KEY_UIApplicationSupportsIndirectInputEvents[sdk=iphoneos*]" = YES;
				"INFOPLIST_KEY_UIApplicationSupportsIndirectInputEvents[sdk=iphonesimulator*]" = YES;
				"INFOPLIST_KEY_UILaunchScreen_Generation[sdk=iphoneos*]" = YES;
				"INFOPLIST_KEY_UILaunchScreen_Generation[sdk=iphonesimulator*]" = YES;
				"INFOPLIST_KEY_UIStatusBarStyle[sdk=iphoneos*]" = UIStatusBarStyleDefault;
				"INFOPLIST_KEY_UIStatusBarStyle[sdk=iphonesimulator*]" = UIStatusBarStyleDefault;
				INFOPLIST_KEY_UISupportedInterfaceOrientations_iPad = "UIInterfaceOrientationPortrait UIInterfaceOrientationPortraitUpsideDown UIInterfaceOrientationLandscapeLeft UIInterfaceOrientationLandscapeRight";
				INFOPLIST_KEY_UISupportedInterfaceOrientations_iPhone = "UIInterfaceOrientationPortrait UIInterfaceOrientationLandscapeLeft UIInterfaceOrientationLandscapeRight";
				IPHONEOS_DEPLOYMENT_TARGET = 18.0;
				LD_RUNPATH_SEARCH_PATHS = "@executable_path/Frameworks";
				"LD_RUNPATH_SEARCH_PATHS[sdk=macosx*]" = "@executable_path/../Frameworks";
				MACOSX_DEPLOYMENT_TARGET = 15.0;
				MARKETING_VERSION = 2.0;
				MTL_ENABLE_DEBUG_INFO = INCLUDE_SOURCE;
				MTL_FAST_MATH = YES;
				PRODUCT_BUNDLE_IDENTIFIER = com.resonance.nmrcalculator;
				PRODUCT_NAME = "$(TARGET_NAME)";
				SDKROOT = auto;
				SUPPORTED_PLATFORMS = "iphoneos iphonesimulator macosx";
				SWIFT_ACTIVE_COMPILATION_CONDITIONS = DEBUG;
				SWIFT_EMIT_LOC_STRINGS = YES;
				SWIFT_STRICT_CONCURRENCY = targeted;
				SWIFT_VERSION = 5.0;
				TARGETED_DEVICE_FAMILY = "1,2";
			};
			name = Debug;
		};
		9067B34D2AACED2A00A8FA29 /* Release */ = {
			isa = XCBuildConfiguration;
			buildSettings = {
				ASSETCATALOG_COMPILER_APPICON_NAME = AppIcon;
				ASSETCATALOG_COMPILER_GLOBAL_ACCENT_COLOR_NAME = AccentColor;
				CLANG_ANALYZER_NUMBER_OBJECT_CONVERSION = YES_AGGRESSIVE;
				CLANG_CXX_LANGUAGE_STANDARD = "gnu++20";
				CLANG_ENABLE_OBJC_WEAK = YES;
				CLANG_WARN_DOCUMENTATION_COMMENTS = YES;
				CLANG_WARN_UNGUARDED_AVAILABILITY = YES_AGGRESSIVE;
				CODE_SIGN_ENTITLEMENTS = NMRCalculator2/NMRCalculator2.entitlements;
				CODE_SIGN_STYLE = Automatic;
				CURRENT_PROJECT_VERSION = 9;
				DEAD_CODE_STRIPPING = YES;
				DEVELOPMENT_ASSET_PATHS = "\"NMRCalculator2/Preview Content\"";
				DEVELOPMENT_TEAM = U8VSJXRJTQ;
				ENABLE_HARDENED_RUNTIME = YES;
				ENABLE_PREVIEWS = YES;
				GCC_C_LANGUAGE_STANDARD = gnu11;
				GENERATE_INFOPLIST_FILE = YES;
				INFOPLIST_FILE = NMRCalculator2/Info.plist;
				INFOPLIST_KEY_CFBundleDisplayName = "NMR Calculator 2";
				INFOPLIST_KEY_LSApplicationCategoryType = "public.app-category.education";
				"INFOPLIST_KEY_UIApplicationSceneManifest_Generation[sdk=iphoneos*]" = YES;
				"INFOPLIST_KEY_UIApplicationSceneManifest_Generation[sdk=iphonesimulator*]" = YES;
				"INFOPLIST_KEY_UIApplicationSupportsIndirectInputEvents[sdk=iphoneos*]" = YES;
				"INFOPLIST_KEY_UIApplicationSupportsIndirectInputEvents[sdk=iphonesimulator*]" = YES;
				"INFOPLIST_KEY_UILaunchScreen_Generation[sdk=iphoneos*]" = YES;
				"INFOPLIST_KEY_UILaunchScreen_Generation[sdk=iphonesimulator*]" = YES;
				"INFOPLIST_KEY_UIStatusBarStyle[sdk=iphoneos*]" = UIStatusBarStyleDefault;
				"INFOPLIST_KEY_UIStatusBarStyle[sdk=iphonesimulator*]" = UIStatusBarStyleDefault;
				INFOPLIST_KEY_UISupportedInterfaceOrientations_iPad = "UIInterfaceOrientationPortrait UIInterfaceOrientationPortraitUpsideDown UIInterfaceOrientationLandscapeLeft UIInterfaceOrientationLandscapeRight";
				INFOPLIST_KEY_UISupportedInterfaceOrientations_iPhone = "UIInterfaceOrientationPortrait UIInterfaceOrientationLandscapeLeft UIInterfaceOrientationLandscapeRight";
				IPHONEOS_DEPLOYMENT_TARGET = 18.0;
				LD_RUNPATH_SEARCH_PATHS = "@executable_path/Frameworks";
				"LD_RUNPATH_SEARCH_PATHS[sdk=macosx*]" = "@executable_path/../Frameworks";
				MACOSX_DEPLOYMENT_TARGET = 15.0;
				MARKETING_VERSION = 2.0;
				MTL_FAST_MATH = YES;
				PRODUCT_BUNDLE_IDENTIFIER = com.resonance.nmrcalculator;
				PRODUCT_NAME = "$(TARGET_NAME)";
				SDKROOT = auto;
				SUPPORTED_PLATFORMS = "iphoneos iphonesimulator macosx";
				SWIFT_EMIT_LOC_STRINGS = YES;
				SWIFT_STRICT_CONCURRENCY = targeted;
				SWIFT_VERSION = 5.0;
				TARGETED_DEVICE_FAMILY = "1,2";
			};
			name = Release;
		};
		9067B34E2AACED2A00A8FA29 /* Debug */ = {
			isa = XCBuildConfiguration;
			buildSettings = {
				BUNDLE_LOADER = "$(TEST_HOST)";
				CLANG_ANALYZER_NUMBER_OBJECT_CONVERSION = YES_AGGRESSIVE;
				CLANG_CXX_LANGUAGE_STANDARD = "gnu++20";
				CLANG_ENABLE_OBJC_WEAK = YES;
				CLANG_WARN_DOCUMENTATION_COMMENTS = YES;
				CLANG_WARN_UNGUARDED_AVAILABILITY = YES_AGGRESSIVE;
				CODE_SIGN_STYLE = Automatic;
				CURRENT_PROJECT_VERSION = 1;
				DEAD_CODE_STRIPPING = YES;
				DEVELOPMENT_TEAM = RWVTTVMWBE;
				GCC_C_LANGUAGE_STANDARD = gnu11;
				GENERATE_INFOPLIST_FILE = YES;
				IPHONEOS_DEPLOYMENT_TARGET = 16.4;
				MACOSX_DEPLOYMENT_TARGET = 13.3;
				MARKETING_VERSION = 1.0;
				MTL_ENABLE_DEBUG_INFO = INCLUDE_SOURCE;
				MTL_FAST_MATH = YES;
				PRODUCT_BUNDLE_IDENTIFIER = com.resonance.jlee.NMRCalculator2Tests;
				PRODUCT_NAME = "$(TARGET_NAME)";
				SDKROOT = auto;
				SUPPORTED_PLATFORMS = "iphoneos iphonesimulator macosx";
				SWIFT_ACTIVE_COMPILATION_CONDITIONS = DEBUG;
				SWIFT_EMIT_LOC_STRINGS = NO;
				SWIFT_VERSION = 5.0;
				TARGETED_DEVICE_FAMILY = "1,2";
				TEST_HOST = "$(BUILT_PRODUCTS_DIR)/NMRCalculator2.app/$(BUNDLE_EXECUTABLE_FOLDER_PATH)/NMRCalculator2";
			};
			name = Debug;
		};
		9067B34F2AACED2A00A8FA29 /* Release */ = {
			isa = XCBuildConfiguration;
			buildSettings = {
				BUNDLE_LOADER = "$(TEST_HOST)";
				CLANG_ANALYZER_NUMBER_OBJECT_CONVERSION = YES_AGGRESSIVE;
				CLANG_CXX_LANGUAGE_STANDARD = "gnu++20";
				CLANG_ENABLE_OBJC_WEAK = YES;
				CLANG_WARN_DOCUMENTATION_COMMENTS = YES;
				CLANG_WARN_UNGUARDED_AVAILABILITY = YES_AGGRESSIVE;
				CODE_SIGN_STYLE = Automatic;
				CURRENT_PROJECT_VERSION = 1;
				DEAD_CODE_STRIPPING = YES;
				DEVELOPMENT_TEAM = RWVTTVMWBE;
				GCC_C_LANGUAGE_STANDARD = gnu11;
				GENERATE_INFOPLIST_FILE = YES;
				IPHONEOS_DEPLOYMENT_TARGET = 16.4;
				MACOSX_DEPLOYMENT_TARGET = 13.3;
				MARKETING_VERSION = 1.0;
				MTL_FAST_MATH = YES;
				PRODUCT_BUNDLE_IDENTIFIER = com.resonance.jlee.NMRCalculator2Tests;
				PRODUCT_NAME = "$(TARGET_NAME)";
				SDKROOT = auto;
				SUPPORTED_PLATFORMS = "iphoneos iphonesimulator macosx";
				SWIFT_EMIT_LOC_STRINGS = NO;
				SWIFT_VERSION = 5.0;
				TARGETED_DEVICE_FAMILY = "1,2";
				TEST_HOST = "$(BUILT_PRODUCTS_DIR)/NMRCalculator2.app/$(BUNDLE_EXECUTABLE_FOLDER_PATH)/NMRCalculator2";
			};
			name = Release;
		};
		9067B3502AACED2A00A8FA29 /* Debug */ = {
			isa = XCBuildConfiguration;
			buildSettings = {
				CLANG_ANALYZER_NUMBER_OBJECT_CONVERSION = YES_AGGRESSIVE;
				CLANG_CXX_LANGUAGE_STANDARD = "gnu++20";
				CLANG_ENABLE_OBJC_WEAK = YES;
				CLANG_WARN_DOCUMENTATION_COMMENTS = YES;
				CLANG_WARN_UNGUARDED_AVAILABILITY = YES_AGGRESSIVE;
				CODE_SIGN_STYLE = Automatic;
				CURRENT_PROJECT_VERSION = 1;
				DEAD_CODE_STRIPPING = YES;
				DEVELOPMENT_TEAM = RWVTTVMWBE;
				GCC_C_LANGUAGE_STANDARD = gnu11;
				GENERATE_INFOPLIST_FILE = YES;
				IPHONEOS_DEPLOYMENT_TARGET = 16.4;
				MACOSX_DEPLOYMENT_TARGET = 13.3;
				MARKETING_VERSION = 1.0;
				MTL_ENABLE_DEBUG_INFO = INCLUDE_SOURCE;
				MTL_FAST_MATH = YES;
				PRODUCT_BUNDLE_IDENTIFIER = com.resonance.jlee.NMRCalculator2UITests;
				PRODUCT_NAME = "$(TARGET_NAME)";
				SDKROOT = auto;
				SUPPORTED_PLATFORMS = "iphoneos iphonesimulator macosx";
				SWIFT_ACTIVE_COMPILATION_CONDITIONS = DEBUG;
				SWIFT_EMIT_LOC_STRINGS = NO;
				SWIFT_VERSION = 5.0;
				TARGETED_DEVICE_FAMILY = "1,2";
				TEST_TARGET_NAME = NMRCalculator2;
			};
			name = Debug;
		};
		9067B3512AACED2A00A8FA29 /* Release */ = {
			isa = XCBuildConfiguration;
			buildSettings = {
				CLANG_ANALYZER_NUMBER_OBJECT_CONVERSION = YES_AGGRESSIVE;
				CLANG_CXX_LANGUAGE_STANDARD = "gnu++20";
				CLANG_ENABLE_OBJC_WEAK = YES;
				CLANG_WARN_DOCUMENTATION_COMMENTS = YES;
				CLANG_WARN_UNGUARDED_AVAILABILITY = YES_AGGRESSIVE;
				CODE_SIGN_STYLE = Automatic;
				CURRENT_PROJECT_VERSION = 1;
				DEAD_CODE_STRIPPING = YES;
				DEVELOPMENT_TEAM = RWVTTVMWBE;
				GCC_C_LANGUAGE_STANDARD = gnu11;
				GENERATE_INFOPLIST_FILE = YES;
				IPHONEOS_DEPLOYMENT_TARGET = 16.4;
				MACOSX_DEPLOYMENT_TARGET = 13.3;
				MARKETING_VERSION = 1.0;
				MTL_FAST_MATH = YES;
				PRODUCT_BUNDLE_IDENTIFIER = com.resonance.jlee.NMRCalculator2UITests;
				PRODUCT_NAME = "$(TARGET_NAME)";
				SDKROOT = auto;
				SUPPORTED_PLATFORMS = "iphoneos iphonesimulator macosx";
				SWIFT_EMIT_LOC_STRINGS = NO;
				SWIFT_VERSION = 5.0;
				TARGETED_DEVICE_FAMILY = "1,2";
				TEST_TARGET_NAME = NMRCalculator2;
			};
			name = Release;
		};
		9079EC6A2AB253D5005A802E /* Debug */ = {
			isa = XCBuildConfiguration;
			buildSettings = {
				ASSETCATALOG_COMPILER_APPICON_NAME = AppIcon;
				ASSETCATALOG_COMPILER_GLOBAL_ACCENT_COLOR_NAME = AccentColor;
				CLANG_ANALYZER_NUMBER_OBJECT_CONVERSION = YES_AGGRESSIVE;
				CLANG_CXX_LANGUAGE_STANDARD = "gnu++20";
				CLANG_ENABLE_OBJC_WEAK = YES;
				CLANG_WARN_DOCUMENTATION_COMMENTS = YES;
				CLANG_WARN_UNGUARDED_AVAILABILITY = YES_AGGRESSIVE;
				CODE_SIGN_STYLE = Automatic;
				CURRENT_PROJECT_VERSION = 9;
				DEVELOPMENT_ASSET_PATHS = "\"WatchNMRCalculator2 Watch App/Preview Content\"";
				DEVELOPMENT_TEAM = U8VSJXRJTQ;
				ENABLE_PREVIEWS = YES;
				GCC_C_LANGUAGE_STANDARD = gnu11;
				GENERATE_INFOPLIST_FILE = YES;
				INFOPLIST_KEY_CFBundleDisplayName = WatchNMRCalculator2;
				INFOPLIST_KEY_UISupportedInterfaceOrientations = "UIInterfaceOrientationPortrait UIInterfaceOrientationPortraitUpsideDown";
				INFOPLIST_KEY_WKCompanionAppBundleIdentifier = com.resonance.nmrcalculator;
				LD_RUNPATH_SEARCH_PATHS = (
					"$(inherited)",
					"@executable_path/Frameworks",
				);
				MARKETING_VERSION = 2.0;
				MTL_ENABLE_DEBUG_INFO = INCLUDE_SOURCE;
				MTL_FAST_MATH = YES;
				PRODUCT_BUNDLE_IDENTIFIER = com.resonance.nmrcalculator.watchkitapp;
				PRODUCT_NAME = "$(TARGET_NAME)";
				SDKROOT = watchos;
				SKIP_INSTALL = YES;
				SWIFT_ACTIVE_COMPILATION_CONDITIONS = DEBUG;
				SWIFT_EMIT_LOC_STRINGS = YES;
				SWIFT_VERSION = 5.0;
				TARGETED_DEVICE_FAMILY = 4;
				WATCHOS_DEPLOYMENT_TARGET = 11.0;
			};
			name = Debug;
		};
		9079EC6B2AB253D5005A802E /* Release */ = {
			isa = XCBuildConfiguration;
			buildSettings = {
				ASSETCATALOG_COMPILER_APPICON_NAME = AppIcon;
				ASSETCATALOG_COMPILER_GLOBAL_ACCENT_COLOR_NAME = AccentColor;
				CLANG_ANALYZER_NUMBER_OBJECT_CONVERSION = YES_AGGRESSIVE;
				CLANG_CXX_LANGUAGE_STANDARD = "gnu++20";
				CLANG_ENABLE_OBJC_WEAK = YES;
				CLANG_WARN_DOCUMENTATION_COMMENTS = YES;
				CLANG_WARN_UNGUARDED_AVAILABILITY = YES_AGGRESSIVE;
				CODE_SIGN_STYLE = Automatic;
				CURRENT_PROJECT_VERSION = 9;
				DEVELOPMENT_ASSET_PATHS = "\"WatchNMRCalculator2 Watch App/Preview Content\"";
				DEVELOPMENT_TEAM = U8VSJXRJTQ;
				ENABLE_PREVIEWS = YES;
				GCC_C_LANGUAGE_STANDARD = gnu11;
				GENERATE_INFOPLIST_FILE = YES;
				INFOPLIST_KEY_CFBundleDisplayName = WatchNMRCalculator2;
				INFOPLIST_KEY_UISupportedInterfaceOrientations = "UIInterfaceOrientationPortrait UIInterfaceOrientationPortraitUpsideDown";
				INFOPLIST_KEY_WKCompanionAppBundleIdentifier = com.resonance.nmrcalculator;
				LD_RUNPATH_SEARCH_PATHS = (
					"$(inherited)",
					"@executable_path/Frameworks",
				);
				MARKETING_VERSION = 2.0;
				MTL_FAST_MATH = YES;
				PRODUCT_BUNDLE_IDENTIFIER = com.resonance.nmrcalculator.watchkitapp;
				PRODUCT_NAME = "$(TARGET_NAME)";
				SDKROOT = watchos;
				SKIP_INSTALL = YES;
				SWIFT_EMIT_LOC_STRINGS = YES;
				SWIFT_VERSION = 5.0;
				TARGETED_DEVICE_FAMILY = 4;
				WATCHOS_DEPLOYMENT_TARGET = 11.0;
			};
			name = Release;
		};
		90AD8D062FA169B7003E0DED /* Debug */ = {
			isa = XCBuildConfiguration;
			buildSettings = {
				ASSETCATALOG_COMPILER_GENERATE_SWIFT_ASSET_SYMBOL_EXTENSIONS = YES;
				CLANG_ANALYZER_NUMBER_OBJECT_CONVERSION = YES_AGGRESSIVE;
				CLANG_CXX_LANGUAGE_STANDARD = "gnu++20";
				CLANG_ENABLE_OBJC_WEAK = YES;
				CLANG_WARN_DOCUMENTATION_COMMENTS = YES;
				CLANG_WARN_UNGUARDED_AVAILABILITY = YES_AGGRESSIVE;
				CODE_SIGN_STYLE = Automatic;
				DEAD_CODE_STRIPPING = YES;
				DEVELOPMENT_TEAM = U8VSJXRJTQ;
				ENABLE_HARDENED_RUNTIME = YES;
				GCC_C_LANGUAGE_STANDARD = gnu17;
				LOCALIZATION_PREFERS_STRING_CATALOGS = YES;
				MACOSX_DEPLOYMENT_TARGET = 26.0;
				MTL_ENABLE_DEBUG_INFO = INCLUDE_SOURCE;
				MTL_FAST_MATH = YES;
				PRODUCT_NAME = "$(TARGET_NAME)";
				SDKROOT = macosx;
				SWIFT_ACTIVE_COMPILATION_CONDITIONS = "DEBUG $(inherited)";
				SWIFT_APPROACHABLE_CONCURRENCY = YES;
				SWIFT_UPCOMING_FEATURE_MEMBER_IMPORT_VISIBILITY = YES;
				SWIFT_VERSION = 5.0;
			};
			name = Debug;
		};
		90AD8D072FA169B7003E0DED /* Release */ = {
			isa = XCBuildConfiguration;
			buildSettings = {
				ASSETCATALOG_COMPILER_GENERATE_SWIFT_ASSET_SYMBOL_EXTENSIONS = YES;
				CLANG_ANALYZER_NUMBER_OBJECT_CONVERSION = YES_AGGRESSIVE;
				CLANG_CXX_LANGUAGE_STANDARD = "gnu++20";
				CLANG_ENABLE_OBJC_WEAK = YES;
				CLANG_WARN_DOCUMENTATION_COMMENTS = YES;
				CLANG_WARN_UNGUARDED_AVAILABILITY = YES_AGGRESSIVE;
				CODE_SIGN_STYLE = Automatic;
				DEAD_CODE_STRIPPING = YES;
				DEVELOPMENT_TEAM = U8VSJXRJTQ;
				ENABLE_HARDENED_RUNTIME = YES;
				GCC_C_LANGUAGE_STANDARD = gnu17;
				LOCALIZATION_PREFERS_STRING_CATALOGS = YES;
				MACOSX_DEPLOYMENT_TARGET = 26.0;
				MTL_FAST_MATH = YES;
				PRODUCT_NAME = "$(TARGET_NAME)";
				SDKROOT = macosx;
				SWIFT_APPROACHABLE_CONCURRENCY = YES;
				SWIFT_UPCOMING_FEATURE_MEMBER_IMPORT_VISIBILITY = YES;
				SWIFT_VERSION = 5.0;
			};
			name = Release;
		};
/* End XCBuildConfiguration section */

/* Begin XCConfigurationList section */
		0B6ACEFA1D08E87F00D7D342 /* Build configuration list for PBXProject "NMRCalculator" */ = {
			isa = XCConfigurationList;
			buildConfigurations = (
				0B6ACF1C1D08E88000D7D342 /* Debug */,
				0B6ACF1D1D08E88000D7D342 /* Release */,
			);
			defaultConfigurationIsVisible = 0;
			defaultConfigurationName = Release;
		};
		9067B3522AACED2A00A8FA29 /* Build configuration list for PBXNativeTarget "NMRCalculator2" */ = {
			isa = XCConfigurationList;
			buildConfigurations = (
				9067B34C2AACED2A00A8FA29 /* Debug */,
				9067B34D2AACED2A00A8FA29 /* Release */,
			);
			defaultConfigurationIsVisible = 0;
			defaultConfigurationName = Release;
		};
		9067B3532AACED2A00A8FA29 /* Build configuration list for PBXNativeTarget "NMRCalculator2Tests" */ = {
			isa = XCConfigurationList;
			buildConfigurations = (
				9067B34E2AACED2A00A8FA29 /* Debug */,
				9067B34F2AACED2A00A8FA29 /* Release */,
			);
			defaultConfigurationIsVisible = 0;
			defaultConfigurationName = Release;
		};
		9067B3542AACED2A00A8FA29 /* Build configuration list for PBXNativeTarget "NMRCalculator2UITests" */ = {
			isa = XCConfigurationList;
			buildConfigurations = (
				9067B3502AACED2A00A8FA29 /* Debug */,
				9067B3512AACED2A00A8FA29 /* Release */,
			);
			defaultConfigurationIsVisible = 0;
			defaultConfigurationName = Release;
		};
		9079EC6C2AB253D5005A802E /* Build configuration list for PBXNativeTarget "WatchNMRCalculator2 Watch App" */ = {
			isa = XCConfigurationList;
			buildConfigurations = (
				9079EC6A2AB253D5005A802E /* Debug */,
				9079EC6B2AB253D5005A802E /* Release */,
			);
			defaultConfigurationIsVisible = 0;
			defaultConfigurationName = Release;
		};
		90AD8D082FA169B7003E0DED /* Build configuration list for PBXNativeTarget "NMRCalculatorMCPServer" */ = {
			isa = XCConfigurationList;
			buildConfigurations = (
				90AD8D062FA169B7003E0DED /* Debug */,
				90AD8D072FA169B7003E0DED /* Release */,
			);
			defaultConfigurationIsVisible = 0;
			defaultConfigurationName = Release;
		};
/* End XCConfigurationList section */

/* Begin XCRemoteSwiftPackageReference section */
		90AD8D0C2FA16E2D003E0DED /* XCRemoteSwiftPackageReference "swift-sdk" */ = {
			isa = XCRemoteSwiftPackageReference;
			repositoryURL = "https://github.com/modelcontextprotocol/swift-sdk";
			requirement = {
				kind = upToNextMajorVersion;
				minimumVersion = 0.12.0;
			};
		};
/* End XCRemoteSwiftPackageReference section */

/* Begin XCSwiftPackageProductDependency section */
		90AD8D0D2FA16E2D003E0DED /* MCP */ = {
			isa = XCSwiftPackageProductDependency;
			package = 90AD8D0C2FA16E2D003E0DED /* XCRemoteSwiftPackageReference "swift-sdk" */;
			productName = MCP;
		};
/* End XCSwiftPackageProductDependency section */
	};
	rootObject = 0B6ACEF71D08E87F00D7D342 /* Project object */;
}
